
Microsoft Visual Studio Solution File, Format Version 12.00
# Visual Studio Version 17
Project("{8BC9CEB8-8B4A-11D0-8D11-00A0C91BC942}") = "ALL_BUILD", "ALL_BUILD.vcxproj", "{0BC957F0-C23F-36A0-956A-56756C618132}"
	ProjectSection(ProjectDependencies) = postProject
		{D86BBB6F-1D9F-3822-AE4A-D728BF266063} = {D86BBB6F-1D9F-3822-AE4A-D728BF266063}
	EndProjectSection
EndProject
Project("{8BC9CEB8-8B4A-11D0-8D11-00A0C91BC942}") = "ZERO_CHECK", "ZERO_CHECK.vcxproj", "{D86BBB6F-1D9F-3822-AE4A-D728BF266063}"
	ProjectSection(ProjectDependencies) = postProject
	EndProjectSection
EndProject
Global
	GlobalSection(SolutionConfigurationPlatforms) = preSolution
		Debug|x64 = Debug|x64
		Release|x64 = Release|x64
		MinSizeRel|x64 = MinSizeRel|x64
		RelWithDebInfo|x64 = RelWithDebInfo|x64
	EndGlobalSection
	GlobalSection(ProjectConfigurationPlatforms) = postSolution
		{0BC957F0-C23F-36A0-956A-56756C618132}.Debug|x64.ActiveCfg = Debug|x64
		{0BC957F0-C23F-36A0-956A-56756C618132}.Release|x64.ActiveCfg = Release|x64
		{0BC957F0-C23F-36A0-956A-56756C618132}.MinSizeRel|x64.ActiveCfg = MinSizeRel|x64
		{0BC957F0-C23F-36A0-956A-56756C618132}.RelWithDebInfo|x64.ActiveCfg = RelWithDebInfo|x64
		{D86BBB6F-1D9F-3822-AE4A-D728BF266063}.Debug|x64.ActiveCfg = Debug|x64
		{D86BBB6F-1D9F-3822-AE4A-D728BF266063}.Debug|x64.Build.0 = Debug|x64
		{D86BBB6F-1D9F-3822-AE4A-D728BF266063}.Release|x64.ActiveCfg = Release|x64
		{D86BBB6F-1D9F-3822-AE4A-D728BF266063}.Release|x64.Build.0 = Release|x64
		{D86BBB6F-1D9F-3822-AE4A-D728BF266063}.MinSizeRel|x64.ActiveCfg = MinSizeRel|x64
		{D86BBB6F-1D9F-3822-AE4A-D728BF266063}.MinSizeRel|x64.Build.0 = MinSizeRel|x64
		{D86BBB6F-1D9F-3822-AE4A-D728BF266063}.RelWithDebInfo|x64.ActiveCfg = RelWithDebInfo|x64
		{D86BBB6F-1D9F-3822-AE4A-D728BF266063}.RelWithDebInfo|x64.Build.0 = RelWithDebInfo|x64
	EndGlobalSection
	GlobalSection(ExtensibilityGlobals) = postSolution
		SolutionGuid = {D909AF9C-2793-3CAB-B5AC-6721EDDD5393}
	EndGlobalSection
	GlobalSection(ExtensibilityAddIns) = postSolution
	EndGlobalSection
EndGlobal
